// !$*UTF8*$!
{
	archiveVersion = 1;
	classes = {
	};
	objectVersion = 50;
	objects = {

/* Begin PBXBuildFile section */
		9A974AA92488C889CFAA8A1F /* Pods_Capstone.framework in Frameworks */ = {isa = PBXBuildFile; fileRef = 844332E84159C3D1EBEFCCD1 /* Pods_Capstone.framework */; };
		EA03B1362230533B004FD2BB /* CheckoutNavigationBar.swift in Sources */ = {isa = PBXBuildFile; fileRef = EA03B1352230533B004FD2BB /* CheckoutNavigationBar.swift */; };
		EA03B138223056EF004FD2BB /* ItemCountView.swift in Sources */ = {isa = PBXBuildFile; fileRef = EA03B137223056EF004FD2BB /* ItemCountView.swift */; };
		EA03B13B223059DE004FD2BB /* ChekoutViewController.swift in Sources */ = {isa = PBXBuildFile; fileRef = EA03B13A223059DE004FD2BB /* ChekoutViewController.swift */; };
		EA03B13D22305B6D004FD2BB /* CheckoutTableViewCell.swift in Sources */ = {isa = PBXBuildFile; fileRef = EA03B13C22305B6D004FD2BB /* CheckoutTableViewCell.swift */; };
		EA1244BD2176B3D500091A3D /* AppDelegate.swift in Sources */ = {isa = PBXBuildFile; fileRef = EA1244BC2176B3D500091A3D /* AppDelegate.swift */; };
		EA1244BF2176B3D500091A3D /* ViewController.swift in Sources */ = {isa = PBXBuildFile; fileRef = EA1244BE2176B3D500091A3D /* ViewController.swift */; };
		EA1244C22176B3D500091A3D /* Main.storyboard in Resources */ = {isa = PBXBuildFile; fileRef = EA1244C02176B3D500091A3D /* Main.storyboard */; };
		EA1244C42176B3D600091A3D /* Assets.xcassets in Resources */ = {isa = PBXBuildFile; fileRef = EA1244C32176B3D600091A3D /* Assets.xcassets */; };
		EA1244C72176B3D600091A3D /* LaunchScreen.storyboard in Resources */ = {isa = PBXBuildFile; fileRef = EA1244C52176B3D600091A3D /* LaunchScreen.storyboard */; };
		EA1244CF2176B40E00091A3D /* GoogleService-Info.plist in Resources */ = {isa = PBXBuildFile; fileRef = EA1244CE2176B40E00091A3D /* GoogleService-Info.plist */; };
		EA585673224EA8980038D179 /* ProductStructure.swift in Sources */ = {isa = PBXBuildFile; fileRef = EA585672224EA8980038D179 /* ProductStructure.swift */; };
		EA8C27C62267704C00B6FC41 /* AllProductsViewController.swift in Sources */ = {isa = PBXBuildFile; fileRef = EA8C27C52267704C00B6FC41 /* AllProductsViewController.swift */; };
		EA8C27C922677F5800B6FC41 /* AllProductsTableViewCell.swift in Sources */ = {isa = PBXBuildFile; fileRef = EA8C27C822677F5800B6FC41 /* AllProductsTableViewCell.swift */; };
		EABC82D421B7278D00761340 /* NFC_ScanViewController.swift in Sources */ = {isa = PBXBuildFile; fileRef = EABC82D321B7278D00761340 /* NFC_ScanViewController.swift */; };
/* End PBXBuildFile section */

/* Begin PBXFileReference section */
		4EC42D18537FC2D53AA797DD /* Pods-Capstone.release.xcconfig */ = {isa = PBXFileReference; includeInIndex = 1; lastKnownFileType = text.xcconfig; name = "Pods-Capstone.release.xcconfig"; path = "Pods/Target Support Files/Pods-Capstone/Pods-Capstone.release.xcconfig"; sourceTree = "<group>"; };
		5172D5190C41B438ABE09DBC /* Pods-Capstone.debug.xcconfig */ = {isa = PBXFileReference; includeInIndex = 1; lastKnownFileType = text.xcconfig; name = "Pods-Capstone.debug.xcconfig"; path = "Pods/Target Support Files/Pods-Capstone/Pods-Capstone.debug.xcconfig"; sourceTree = "<group>"; };
		844332E84159C3D1EBEFCCD1 /* Pods_Capstone.framework */ = {isa = PBXFileReference; explicitFileType = wrapper.framework; includeInIndex = 0; path = Pods_Capstone.framework; sourceTree = BUILT_PRODUCTS_DIR; };
		EA03B1352230533B004FD2BB /* CheckoutNavigationBar.swift */ = {isa = PBXFileReference; lastKnownFileType = sourcecode.swift; path = CheckoutNavigationBar.swift; sourceTree = "<group>"; };
		EA03B137223056EF004FD2BB /* ItemCountView.swift */ = {isa = PBXFileReference; lastKnownFileType = sourcecode.swift; path = ItemCountView.swift; sourceTree = "<group>"; };
		EA03B13A223059DE004FD2BB /* ChekoutViewController.swift */ = {isa = PBXFileReference; lastKnownFileType = sourcecode.swift; path = ChekoutViewController.swift; sourceTree = "<group>"; };
		EA03B13C22305B6D004FD2BB /* CheckoutTableViewCell.swift */ = {isa = PBXFileReference; lastKnownFileType = sourcecode.swift; path = CheckoutTableViewCell.swift; sourceTree = "<group>"; };
		EA1244B92176B3D500091A3D /* Capstone.app */ = {isa = PBXFileReference; explicitFileType = wrapper.application; includeInIndex = 0; path = Capstone.app; sourceTree = BUILT_PRODUCTS_DIR; };
		EA1244BC2176B3D500091A3D /* AppDelegate.swift */ = {isa = PBXFileReference; lastKnownFileType = sourcecode.swift; path = AppDelegate.swift; sourceTree = "<group>"; };
		EA1244BE2176B3D500091A3D /* ViewController.swift */ = {isa = PBXFileReference; lastKnownFileType = sourcecode.swift; path = ViewController.swift; sourceTree = "<group>"; };
		EA1244C12176B3D500091A3D /* Base */ = {isa = PBXFileReference; lastKnownFileType = file.storyboard; name = Base; path = Base.lproj/Main.storyboard; sourceTree = "<group>"; };
		EA1244C32176B3D600091A3D /* Assets.xcassets */ = {isa = PBXFileReference; lastKnownFileType = folder.assetcatalog; path = Assets.xcassets; sourceTree = "<group>"; };
		EA1244C62176B3D600091A3D /* Base */ = {isa = PBXFileReference; lastKnownFileType = file.storyboard; name = Base; path = Base.lproj/LaunchScreen.storyboard; sourceTree = "<group>"; };
		EA1244C82176B3D600091A3D /* Info.plist */ = {isa = PBXFileReference; lastKnownFileType = text.plist.xml; path = Info.plist; sourceTree = "<group>"; };
		EA1244CE2176B40E00091A3D /* GoogleService-Info.plist */ = {isa = PBXFileReference; fileEncoding = 4; lastKnownFileType = text.plist.xml; path = "GoogleService-Info.plist"; sourceTree = "<group>"; };
		EA585672224EA8980038D179 /* ProductStructure.swift */ = {isa = PBXFileReference; lastKnownFileType = sourcecode.swift; path = ProductStructure.swift; sourceTree = "<group>"; };
		EA8C27C52267704C00B6FC41 /* AllProductsViewController.swift */ = {isa = PBXFileReference; lastKnownFileType = sourcecode.swift; path = AllProductsViewController.swift; sourceTree = "<group>"; };
		EA8C27C822677F5800B6FC41 /* AllProductsTableViewCell.swift */ = {isa = PBXFileReference; lastKnownFileType = sourcecode.swift; path = AllProductsTableViewCell.swift; sourceTree = "<group>"; };
		EABC82D321B7278D00761340 /* NFC_ScanViewController.swift */ = {isa = PBXFileReference; lastKnownFileType = sourcecode.swift; path = NFC_ScanViewController.swift; sourceTree = "<group>"; };
		EABC82D521B729D300761340 /* Capstone.entitlements */ = {isa = PBXFileReference; lastKnownFileType = text.plist.entitlements; path = Capstone.entitlements; sourceTree = "<group>"; };
/* End PBXFileReference section */

/* Begin PBXFrameworksBuildPhase section */
		EA1244B62176B3D500091A3D /* Frameworks */ = {
			isa = PBXFrameworksBuildPhase;
			buildActionMask = 2147483647;
			files = (
				9A974AA92488C889CFAA8A1F /* Pods_Capstone.framework in Frameworks */,
			);
			runOnlyForDeploymentPostprocessing = 0;
		};
/* End PBXFrameworksBuildPhase section */

/* Begin PBXGroup section */
		6D85314572ED2F060FD827EC /* Pods */ = {
			isa = PBXGroup;
			children = (
				5172D5190C41B438ABE09DBC /* Pods-Capstone.debug.xcconfig */,
				4EC42D18537FC2D53AA797DD /* Pods-Capstone.release.xcconfig */,
			);
			name = Pods;
			sourceTree = "<group>";
		};
		A73D5DBB26DD4442BF5A922C /* Frameworks */ = {
			isa = PBXGroup;
			children = (
				844332E84159C3D1EBEFCCD1 /* Pods_Capstone.framework */,
			);
			name = Frameworks;
			sourceTree = "<group>";
		};
		EA03B13922305986004FD2BB /* Checkout */ = {
			isa = PBXGroup;
			children = (
				EA03B13A223059DE004FD2BB /* ChekoutViewController.swift */,
				EA03B13C22305B6D004FD2BB /* CheckoutTableViewCell.swift */,
				EA03B1352230533B004FD2BB /* CheckoutNavigationBar.swift */,
				EA03B137223056EF004FD2BB /* ItemCountView.swift */,
				EA585672224EA8980038D179 /* ProductStructure.swift */,
			);
			path = Checkout;
			sourceTree = "<group>";
		};
		EA1244B02176B3D500091A3D = {
			isa = PBXGroup;
			children = (
				EA1244BB2176B3D500091A3D /* Capstone */,
				EA1244BA2176B3D500091A3D /* Products */,
				6D85314572ED2F060FD827EC /* Pods */,
				A73D5DBB26DD4442BF5A922C /* Frameworks */,
			);
			sourceTree = "<group>";
		};
		EA1244BA2176B3D500091A3D /* Products */ = {
			isa = PBXGroup;
			children = (
				EA1244B92176B3D500091A3D /* Capstone.app */,
			);
			name = Products;
			sourceTree = "<group>";
		};
		EA1244BB2176B3D500091A3D /* Capstone */ = {
			isa = PBXGroup;
			children = (
				EA03B13922305986004FD2BB /* Checkout */,
				EABC82D521B729D300761340 /* Capstone.entitlements */,
				EA1244CE2176B40E00091A3D /* GoogleService-Info.plist */,
				EA1244BC2176B3D500091A3D /* AppDelegate.swift */,
				EA1244BE2176B3D500091A3D /* ViewController.swift */,
				EABC82D321B7278D00761340 /* NFC_ScanViewController.swift */,
				EA1244C02176B3D500091A3D /* Main.storyboard */,
				EA8C27C722677F0100B6FC41 /* All Products View Controller */,
				EA1244C32176B3D600091A3D /* Assets.xcassets */,
				EA1244C52176B3D600091A3D /* LaunchScreen.storyboard */,
				EA1244C82176B3D600091A3D /* Info.plist */,
			);
			path = Capstone;
			sourceTree = "<group>";
		};
		EA8C27C722677F0100B6FC41 /* All Products View Controller */ = {
			isa = PBXGroup;
			children = (
				EA8C27C52267704C00B6FC41 /* AllProductsViewController.swift */,
				EA8C27C822677F5800B6FC41 /* AllProductsTableViewCell.swift */,
			);
			path = "All Products View Controller";
			sourceTree = "<group>";
		};
/* End PBXGroup section */

/* Begin PBXNativeTarget section */
		EA1244B82176B3D500091A3D /* Capstone */ = {
			isa = PBXNativeTarget;
			buildConfigurationList = EA1244CB2176B3D600091A3D /* Build configuration list for PBXNativeTarget "Capstone" */;
			buildPhases = (
				E708478028DE996CABCD56E0 /* [CP] Check Pods Manifest.lock */,
				EA1244B52176B3D500091A3D /* Sources */,
				EA1244B62176B3D500091A3D /* Frameworks */,
				EA1244B72176B3D500091A3D /* Resources */,
				E2F74845F7853E0525A62E00 /* [CP] Embed Pods Frameworks */,
				EDC55EC05169247BF8B52BD1 /* [CP] Copy Pods Resources */,
			);
			buildRules = (
			);
			dependencies = (
			);
			name = Capstone;
			productName = Capstone;
			productReference = EA1244B92176B3D500091A3D /* Capstone.app */;
			productType = "com.apple.product-type.application";
		};
/* End PBXNativeTarget section */

/* Begin PBXProject section */
		EA1244B12176B3D500091A3D /* Project object */ = {
			isa = PBXProject;
			attributes = {
				LastSwiftUpdateCheck = 0940;
				LastUpgradeCheck = 0940;
				ORGANIZATIONNAME = "Gotham Appsters";
				TargetAttributes = {
					EA1244B82176B3D500091A3D = {
						CreatedOnToolsVersion = 9.4.1;
						SystemCapabilities = {
							com.apple.NearFieldCommunicationTagReading = {
								enabled = 1;
							};
						};
					};
				};
			};
			buildConfigurationList = EA1244B42176B3D500091A3D /* Build configuration list for PBXProject "Capstone" */;
			compatibilityVersion = "Xcode 9.3";
			developmentRegion = en;
			hasScannedForEncodings = 0;
			knownRegions = (
				en,
				Base,
			);
			mainGroup = EA1244B02176B3D500091A3D;
			productRefGroup = EA1244BA2176B3D500091A3D /* Products */;
			projectDirPath = "";
			projectRoot = "";
			targets = (
				EA1244B82176B3D500091A3D /* Capstone */,
			);
		};
/* End PBXProject section */

/* Begin PBXResourcesBuildPhase section */
		EA1244B72176B3D500091A3D /* Resources */ = {
			isa = PBXResourcesBuildPhase;
			buildActionMask = 2147483647;
			files = (
				EA1244C72176B3D600091A3D /* LaunchScreen.storyboard in Resources */,
				EA1244CF2176B40E00091A3D /* GoogleService-Info.plist in Resources */,
				EA1244C42176B3D600091A3D /* Assets.xcassets in Resources */,
				EA1244C22176B3D500091A3D /* Main.storyboard in Resources */,
			);
			runOnlyForDeploymentPostprocessing = 0;
		};
/* End PBXResourcesBuildPhase section */

/* Begin PBXShellScriptBuildPhase section */
		E2F74845F7853E0525A62E00 /* [CP] Embed Pods Frameworks */ = {
			isa = PBXShellScriptBuildPhase;
			buildActionMask = 2147483647;
			files = (
			);
			inputPaths = (
				"${SRCROOT}/Pods/Target Support Files/Pods-Capstone/Pods-Capstone-frameworks.sh",
				"${BUILT_PRODUCTS_DIR}/BoringSSL/openssl.framework",
				"${BUILT_PRODUCTS_DIR}/GTMOAuth2/GTMOAuth2.framework",
				"${BUILT_PRODUCTS_DIR}/GTMSessionFetcher/GTMSessionFetcher.framework",
				"${BUILT_PRODUCTS_DIR}/GoogleToolboxForMac/GoogleToolboxForMac.framework",
				"${BUILT_PRODUCTS_DIR}/GoogleUtilities/GoogleUtilities.framework",
				"${BUILT_PRODUCTS_DIR}/Protobuf/Protobuf.framework",
				"${BUILT_PRODUCTS_DIR}/Stripe/Stripe.framework",
				"${BUILT_PRODUCTS_DIR}/gRPC/GRPCClient.framework",
				"${BUILT_PRODUCTS_DIR}/gRPC-C++/grpcpp.framework",
				"${BUILT_PRODUCTS_DIR}/gRPC-Core/grpc.framework",
				"${BUILT_PRODUCTS_DIR}/gRPC-ProtoRPC/ProtoRPC.framework",
				"${BUILT_PRODUCTS_DIR}/gRPC-RxLibrary/RxLibrary.framework",
				"${BUILT_PRODUCTS_DIR}/leveldb-library/leveldb.framework",
				"${BUILT_PRODUCTS_DIR}/nanopb/nanopb.framework",
			);
			name = "[CP] Embed Pods Frameworks";
			outputPaths = (
				"${TARGET_BUILD_DIR}/${FRAMEWORKS_FOLDER_PATH}/openssl.framework",
				"${TARGET_BUILD_DIR}/${FRAMEWORKS_FOLDER_PATH}/GTMOAuth2.framework",
				"${TARGET_BUILD_DIR}/${FRAMEWORKS_FOLDER_PATH}/GTMSessionFetcher.framework",
				"${TARGET_BUILD_DIR}/${FRAMEWORKS_FOLDER_PATH}/GoogleToolboxForMac.framework",
				"${TARGET_BUILD_DIR}/${FRAMEWORKS_FOLDER_PATH}/GoogleUtilities.framework",
				"${TARGET_BUILD_DIR}/${FRAMEWORKS_FOLDER_PATH}/Protobuf.framework",
				"${TARGET_BUILD_DIR}/${FRAMEWORKS_FOLDER_PATH}/Stripe.framework",
				"${TARGET_BUILD_DIR}/${FRAMEWORKS_FOLDER_PATH}/GRPCClient.framework",
				"${TARGET_BUILD_DIR}/${FRAMEWORKS_FOLDER_PATH}/grpcpp.framework",
				"${TARGET_BUILD_DIR}/${FRAMEWORKS_FOLDER_PATH}/grpc.framework",
				"${TARGET_BUILD_DIR}/${FRAMEWORKS_FOLDER_PATH}/ProtoRPC.framework",
				"${TARGET_BUILD_DIR}/${FRAMEWORKS_FOLDER_PATH}/RxLibrary.framework",
				"${TARGET_BUILD_DIR}/${FRAMEWORKS_FOLDER_PATH}/leveldb.framework",
				"${TARGET_BUILD_DIR}/${FRAMEWORKS_FOLDER_PATH}/nanopb.framework",
			);
			runOnlyForDeploymentPostprocessing = 0;
			shellPath = /bin/sh;
			shellScript = "\"${SRCROOT}/Pods/Target Support Files/Pods-Capstone/Pods-Capstone-frameworks.sh\"\n";
			showEnvVarsInLog = 0;
		};
		E708478028DE996CABCD56E0 /* [CP] Check Pods Manifest.lock */ = {
			isa = PBXShellScriptBuildPhase;
			buildActionMask = 2147483647;
			files = (
			);
			inputPaths = (
				"${PODS_PODFILE_DIR_PATH}/Podfile.lock",
				"${PODS_ROOT}/Manifest.lock",
			);
			name = "[CP] Check Pods Manifest.lock";
			outputPaths = (
				"$(DERIVED_FILE_DIR)/Pods-Capstone-checkManifestLockResult.txt",
			);
			runOnlyForDeploymentPostprocessing = 0;
			shellPath = /bin/sh;
			shellScript = "diff \"${PODS_PODFILE_DIR_PATH}/Podfile.lock\" \"${PODS_ROOT}/Manifest.lock\" > /dev/null\nif [ $? != 0 ] ; then\n    # print error to STDERR\n    echo \"error: The sandbox is not in sync with the Podfile.lock. Run 'pod install' or update your CocoaPods installation.\" >&2\n    exit 1\nfi\n# This output is used by Xcode 'outputs' to avoid re-running this script phase.\necho \"SUCCESS\" > \"${SCRIPT_OUTPUT_FILE_0}\"\n";
			showEnvVarsInLog = 0;
		};
		EDC55EC05169247BF8B52BD1 /* [CP] Copy Pods Resources */ = {
			isa = PBXShellScriptBuildPhase;
			buildActionMask = 2147483647;
			files = (
			);
			inputPaths = (
				"${SRCROOT}/Pods/Target Support Files/Pods-Capstone/Pods-Capstone-resources.sh",
				"${PODS_CONFIGURATION_BUILD_DIR}/FirebaseUI/FirebaseAuthUI.bundle",
				"${PODS_CONFIGURATION_BUILD_DIR}/FirebaseUI/FirebaseGoogleAuthUI.bundle",
				"${PODS_ROOT}/GoogleSignIn/Resources/GoogleSignIn.bundle",
			);
			name = "[CP] Copy Pods Resources";
			outputPaths = (
				"${TARGET_BUILD_DIR}/${UNLOCALIZED_RESOURCES_FOLDER_PATH}/FirebaseAuthUI.bundle",
				"${TARGET_BUILD_DIR}/${UNLOCALIZED_RESOURCES_FOLDER_PATH}/FirebaseGoogleAuthUI.bundle",
				"${TARGET_BUILD_DIR}/${UNLOCALIZED_RESOURCES_FOLDER_PATH}/GoogleSignIn.bundle",
			);
			runOnlyForDeploymentPostprocessing = 0;
			shellPath = /bin/sh;
			shellScript = "\"${SRCROOT}/Pods/Target Support Files/Pods-Capstone/Pods-Capstone-resources.sh\"\n";
			showEnvVarsInLog = 0;
		};
/* End PBXShellScriptBuildPhase section */

/* Begin PBXSourcesBuildPhase section */
		EA1244B52176B3D500091A3D /* Sources */ = {
			isa = PBXSourcesBuildPhase;
			buildActionMask = 2147483647;
			files = (
				EA8C27C62267704C00B6FC41 /* AllProductsViewController.swift in Sources */,
				EA03B1362230533B004FD2BB /* CheckoutNavigationBar.swift in Sources */,
				EA1244BF2176B3D500091A3D /* ViewController.swift in Sources */,
				EA03B13B223059DE004FD2BB /* ChekoutViewController.swift in Sources */,
				EA585673224EA8980038D179 /* ProductStructure.swift in Sources */,
				EA03B138223056EF004FD2BB /* ItemCountView.swift in Sources */,
				EA03B13D22305B6D004FD2BB /* CheckoutTableViewCell.swift in Sources */,
				EABC82D421B7278D00761340 /* NFC_ScanViewController.swift in Sources */,
				EA1244BD2176B3D500091A3D /* AppDelegate.swift in Sources */,
				EA8C27C922677F5800B6FC41 /* AllProductsTableViewCell.swift in Sources */,
			);
			runOnlyForDeploymentPostprocessing = 0;
		};
/* End PBXSourcesBuildPhase section */

/* Begin PBXVariantGroup section */
		EA1244C02176B3D500091A3D /* Main.storyboard */ = {
			isa = PBXVariantGroup;
			children = (
				EA1244C12176B3D500091A3D /* Base */,
			);
			name = Main.storyboard;
			sourceTree = "<group>";
		};
		EA1244C52176B3D600091A3D /* LaunchScreen.storyboard */ = {
			isa = PBXVariantGroup;
			children = (
				EA1244C62176B3D600091A3D /* Base */,
			);
			name = LaunchScreen.storyboard;
			sourceTree = "<group>";
		};
/* End PBXVariantGroup section */

/* Begin XCBuildConfiguration section */
		EA1244C92176B3D600091A3D /* Debug */ = {
			isa = XCBuildConfiguration;
			buildSettings = {
				ALWAYS_SEARCH_USER_PATHS = NO;
				CLANG_ANALYZER_NONNULL = YES;
				CLANG_ANALYZER_NUMBER_OBJECT_CONVERSION = YES_AGGRESSIVE;
				CLANG_CXX_LANGUAGE_STANDARD = "gnu++14";
				CLANG_CXX_LIBRARY = "libc++";
				CLANG_ENABLE_MODULES = YES;
				CLANG_ENABLE_OBJC_ARC = YES;
				CLANG_ENABLE_OBJC_WEAK = YES;
				CLANG_WARN_BLOCK_CAPTURE_AUTORELEASING = YES;
				CLANG_WARN_BOOL_CONVERSION = YES;
				CLANG_WARN_COMMA = YES;
				CLANG_WARN_CONSTANT_CONVERSION = YES;
				CLANG_WARN_DEPRECATED_OBJC_IMPLEMENTATIONS = YES;
				CLANG_WARN_DIRECT_OBJC_ISA_USAGE = YES_ERROR;
				CLANG_WARN_DOCUMENTATION_COMMENTS = YES;
				CLANG_WARN_EMPTY_BODY = YES;
				CLANG_WARN_ENUM_CONVERSION = YES;
				CLANG_WARN_INFINITE_RECURSION = YES;
				CLANG_WARN_INT_CONVERSION = YES;
				CLANG_WARN_NON_LITERAL_NULL_CONVERSION = YES;
				CLANG_WARN_OBJC_IMPLICIT_RETAIN_SELF = YES;
				CLANG_WARN_OBJC_LITERAL_CONVERSION = YES;
				CLANG_WARN_OBJC_ROOT_CLASS = YES_ERROR;
				CLANG_WARN_RANGE_LOOP_ANALYSIS = YES;
				CLANG_WARN_STRICT_PROTOTYPES = YES;
				CLANG_WARN_SUSPICIOUS_MOVE = YES;
				CLANG_WARN_UNGUARDED_AVAILABILITY = YES_AGGRESSIVE;
				CLANG_WARN_UNREACHABLE_CODE = YES;
				CLANG_WARN__DUPLICATE_METHOD_MATCH = YES;
				CODE_SIGN_IDENTITY = "iPhone Developer";
				COPY_PHASE_STRIP = NO;
				DEBUG_INFORMATION_FORMAT = dwarf;
				ENABLE_STRICT_OBJC_MSGSEND = YES;
				ENABLE_TESTABILITY = YES;
				GCC_C_LANGUAGE_STANDARD = gnu11;
				GCC_DYNAMIC_NO_PIC = NO;
				GCC_NO_COMMON_BLOCKS = YES;
				GCC_OPTIMIZATION_LEVEL = 0;
				GCC_PREPROCESSOR_DEFINITIONS = (
					"DEBUG=1",
					"$(inherited)",
				);
				GCC_WARN_64_TO_32_BIT_CONVERSION = YES;
				GCC_WARN_ABOUT_RETURN_TYPE = YES_ERROR;
				GCC_WARN_UNDECLARED_SELECTOR = YES;
				GCC_WARN_UNINITIALIZED_AUTOS = YES_AGGRESSIVE;
				GCC_WARN_UNUSED_FUNCTION = YES;
				GCC_WARN_UNUSED_VARIABLE = YES;
				IPHONEOS_DEPLOYMENT_TARGET = 11.4;
				MTL_ENABLE_DEBUG_INFO = YES;
				ONLY_ACTIVE_ARCH = YES;
				SDKROOT = iphoneos;
				SWIFT_ACTIVE_COMPILATION_CONDITIONS = DEBUG;
				SWIFT_OPTIMIZATION_LEVEL = "-Onone";
			};
			name = Debug;
		};
		EA1244CA2176B3D600091A3D /* Release */ = {
			isa = XCBuildConfiguration;
			buildSettings = {
				ALWAYS_SEARCH_USER_PATHS = NO;
				CLANG_ANALYZER_NONNULL = YES;
				CLANG_ANALYZER_NUMBER_OBJECT_CONVERSION = YES_AGGRESSIVE;
				CLANG_CXX_LANGUAGE_STANDARD = "gnu++14";
				CLANG_CXX_LIBRARY = "libc++";
				CLANG_ENABLE_MODULES = YES;
				CLANG_ENABLE_OBJC_ARC = YES;
				CLANG_ENABLE_OBJC_WEAK = YES;
				CLANG_WARN_BLOCK_CAPTURE_AUTORELEASING = YES;
				CLANG_WARN_BOOL_CONVERSION = YES;
				CLANG_WARN_COMMA = YES;
				CLANG_WARN_CONSTANT_CONVERSION = YES;
				CLANG_WARN_DEPRECATED_OBJC_IMPLEMENTATIONS = YES;
				CLANG_WARN_DIRECT_OBJC_ISA_USAGE = YES_ERROR;
				CLANG_WARN_DOCUMENTATION_COMMENTS = YES;
				CLANG_WARN_EMPTY_BODY = YES;
				CLANG_WARN_ENUM_CONVERSION = YES;
				CLANG_WARN_INFINITE_RECURSION = YES;
				CLANG_WARN_INT_CONVERSION = YES;
				CLANG_WARN_NON_LITERAL_NULL_CONVERSION = YES;
				CLANG_WARN_OBJC_IMPLICIT_RETAIN_SELF = YES;
				CLANG_WARN_OBJC_LITERAL_CONVERSION = YES;
				CLANG_WARN_OBJC_ROOT_CLASS = YES_ERROR;
				CLANG_WARN_RANGE_LOOP_ANALYSIS = YES;
				CLANG_WARN_STRICT_PROTOTYPES = YES;
				CLANG_WARN_SUSPICIOUS_MOVE = YES;
				CLANG_WARN_UNGUARDED_AVAILABILITY = YES_AGGRESSIVE;
				CLANG_WARN_UNREACHABLE_CODE = YES;
				CLANG_WARN__DUPLICATE_METHOD_MATCH = YES;
				CODE_SIGN_IDENTITY = "iPhone Developer";
				COPY_PHASE_STRIP = NO;
				DEBUG_INFORMATION_FORMAT = "dwarf-with-dsym";
				ENABLE_NS_ASSERTIONS = NO;
				ENABLE_STRICT_OBJC_MSGSEND = YES;
				GCC_C_LANGUAGE_STANDARD = gnu11;
				GCC_NO_COMMON_BLOCKS = YES;
				GCC_WARN_64_TO_32_BIT_CONVERSION = YES;
				GCC_WARN_ABOUT_RETURN_TYPE = YES_ERROR;
				GCC_WARN_UNDECLARED_SELECTOR = YES;
				GCC_WARN_UNINITIALIZED_AUTOS = YES_AGGRESSIVE;
				GCC_WARN_UNUSED_FUNCTION = YES;
				GCC_WARN_UNUSED_VARIABLE = YES;
				IPHONEOS_DEPLOYMENT_TARGET = 11.4;
				MTL_ENABLE_DEBUG_INFO = NO;
				SDKROOT = iphoneos;
				SWIFT_COMPILATION_MODE = wholemodule;
				SWIFT_OPTIMIZATION_LEVEL = "-O";
				VALIDATE_PRODUCT = YES;
			};
			name = Release;
		};
		EA1244CC2176B3D600091A3D /* Debug */ = {
			isa = XCBuildConfiguration;
			baseConfigurationReference = 5172D5190C41B438ABE09DBC /* Pods-Capstone.debug.xcconfig */;
			buildSettings = {
				ASSETCATALOG_COMPILER_APPICON_NAME = AppIcon;
				CODE_SIGN_ENTITLEMENTS = Capstone/Capstone.entitlements;
				CODE_SIGN_STYLE = Manual;
				DEVELOPMENT_TEAM = 62C2BD2RSQ;
				INFOPLIST_FILE = Capstone/Info.plist;
				LD_RUNPATH_SEARCH_PATHS = (
					"$(inherited)",
					"@executable_path/Frameworks",
				);
				PRODUCT_BUNDLE_IDENTIFIER = com.MCstudent.Capstone;
				PRODUCT_NAME = "$(TARGET_NAME)";
				PROVISIONING_PROFILE_SPECIFIER = nfc;
				SWIFT_VERSION = 4.0;
				TARGETED_DEVICE_FAMILY = "1,2";
			};
			name = Debug;
		};
		EA1244CD2176B3D600091A3D /* Release */ = {
			isa = XCBuildConfiguration;
			baseConfigurationReference = 4EC42D18537FC2D53AA797DD /* Pods-Capstone.release.xcconfig */;
			buildSettings = {
				ASSETCATALOG_COMPILER_APPICON_NAME = AppIcon;
				CODE_SIGN_ENTITLEMENTS = Capstone/Capstone.entitlements;
				CODE_SIGN_STYLE = Manual;
				DEVELOPMENT_TEAM = 62C2BD2RSQ;
				INFOPLIST_FILE = Capstone/Info.plist;
				LD_RUNPATH_SEARCH_PATHS = (
					"$(inherited)",
					"@executable_path/Frameworks",
				);
				PRODUCT_BUNDLE_IDENTIFIER = com.MCstudent.Capstone;
				PRODUCT_NAME = "$(TARGET_NAME)";
				PROVISIONING_PROFILE_SPECIFIER = nfc;
				SWIFT_VERSION = 4.0;
				TARGETED_DEVICE_FAMILY = "1,2";
			};
			name = Release;
		};
/* End XCBuildConfiguration section */

/* Begin XCConfigurationList section */
		EA1244B42176B3D500091A3D /* Build configuration list for PBXProject "Capstone" */ = {
			isa = XCConfigurationList;
			buildConfigurations = (
				EA1244C92176B3D600091A3D /* Debug */,
				EA1244CA2176B3D600091A3D /* Release */,
			);
			defaultConfigurationIsVisible = 0;
			defaultConfigurationName = Release;
		};
		EA1244CB2176B3D600091A3D /* Build configuration list for PBXNativeTarget "Capstone" */ = {
			isa = XCConfigurationList;
			buildConfigurations = (
				EA1244CC2176B3D600091A3D /* Debug */,
				EA1244CD2176B3D600091A3D /* Release */,
			);
			defaultConfigurationIsVisible = 0;
			defaultConfigurationName = Release;
		};
/* End XCConfigurationList section */
	};
	rootObject = EA1244B12176B3D500091A3D /* Project object */;
}
